
Microsoft Visual Studio Solution File, Format Version 12.00
# Visual Studio Version 16
VisualStudioVersion = 16.0.30611.23
MinimumVisualStudioVersion = 10.0.40219.1
Project("{FAE04EC0-301F-11D3-BF4B-00C04F79EFBC}") = "dotNet5781_00_1853_9327", "dotNet5781_00_1853_9327\dotNet5781_00_1853_9327.csproj", "{A625AD44-229E-4C6C-9232-820E92F9B2D2}"
EndProject
Project("{FAE04EC0-301F-11D3-BF4B-00C04F79EFBC}") = "dotNet5781_01_1853_9327", "dotNet5781_01_1853_9327\dotNet5781_01_1853_9327.csproj", "{779C7687-8751-4521-8517-AFA7DB7CB09B}"
EndProject
Project("{FAE04EC0-301F-11D3-BF4B-00C04F79EFBC}") = "dotNet5781_02_1853_9327", "dotNet5781_02_1853_9327\dotNet5781_02_1853_9327.csproj", "{DFD94944-917C-4091-B4E6-10C58458E950}"
EndProject
Project("{FAE04EC0-301F-11D3-BF4B-00C04F79EFBC}") = "dotNet5781_03A_1853_9327", "dotNet5781_03A_1853_9327\dotNet5781_03A_1853_9327.csproj", "{3FDE2B59-64C3-4C8E-B574-495DCEEB2D4E}"
EndProject
Project("{FAE04EC0-301F-11D3-BF4B-00C04F79EFBC}") = "dotNet5781_03B_1853_9327", "dotNet5781_03B_1853_9327\dotNet5781_03B_1853_9327.csproj", "{450E8C7C-33B6-4130-B76B-D6959B59B2CE}"
EndProject
Project("{FAE04EC0-301F-11D3-BF4B-00C04F79EFBC}") = "BL", "BL\BL.csproj", "{13BF57C4-380A-480F-9753-DE61A8BA22B4}"
EndProject
Project("{FAE04EC0-301F-11D3-BF4B-00C04F79EFBC}") = "DLAPI", "DLAPI\DLAPI.csproj", "{EC3145A7-0EF9-479E-8291-287FEDB325D5}"
EndProject
Project("{FAE04EC0-301F-11D3-BF4B-00C04F79EFBC}") = "DLObject", "DLObject\DLObject.csproj", "{1B377BDE-3ADB-4C02-BE3A-CED83C11C9D3}"
EndProject
Project("{FAE04EC0-301F-11D3-BF4B-00C04F79EFBC}") = "PL", "PL\PL.csproj", "{CDD95F44-5E22-4A42-9480-FBFB58631EAE}"
EndProject
Project("{2150E333-8FDC-42A3-9474-1A3956D46DE8}") = "bin", "bin", "{2EA7F5E1-606A-42C2-A5C3-74AAC9784543}"
	ProjectSection(SolutionItems) = preProject
		bin\Xml\AdjacentStations.xml = bin\Xml\AdjacentStations.xml
		bin\Xml\Bus.xml = bin\Xml\Bus.xml
		bin\Xml\BusOnTrip.xml = bin\Xml\BusOnTrip.xml
		bin\config.xml = bin\config.xml
		bin\Xml\Enums.xml = bin\Xml\Enums.xml
		bin\Xml\Line.xml = bin\Xml\Line.xml
		bin\xml\LineStation.xml = bin\xml\LineStation.xml
		LineTrip.xml = LineTrip.xml
		bin\xml\LineTrip.xml = bin\xml\LineTrip.xml
		RunningNumbers.xml = RunningNumbers.xml
		bin\Xml\Station.xml = bin\Xml\Station.xml
		bin\Xml\Trip.xml = bin\Xml\Trip.xml
		bin\Xml\User.xml = bin\Xml\User.xml
		bin\Xml\UserTrips.xml = bin\Xml\UserTrips.xml
	EndProjectSection
EndProject
Project("{FAE04EC0-301F-11D3-BF4B-00C04F79EFBC}") = "DLXML", "DLXML\DLXML.csproj", "{7217FEF7-514B-4260-B09A-1C909DB1D07C}"
EndProject
Global
	GlobalSection(SolutionConfigurationPlatforms) = preSolution
		Debug|Any CPU = Debug|Any CPU
		Release|Any CPU = Release|Any CPU
	EndGlobalSection
	GlobalSection(ProjectConfigurationPlatforms) = postSolution
		{A625AD44-229E-4C6C-9232-820E92F9B2D2}.Debug|Any CPU.ActiveCfg = Debug|Any CPU
		{A625AD44-229E-4C6C-9232-820E92F9B2D2}.Release|Any CPU.ActiveCfg = Release|Any CPU
		{A625AD44-229E-4C6C-9232-820E92F9B2D2}.Release|Any CPU.Build.0 = Release|Any CPU
		{779C7687-8751-4521-8517-AFA7DB7CB09B}.Debug|Any CPU.ActiveCfg = Debug|Any CPU
		{779C7687-8751-4521-8517-AFA7DB7CB09B}.Release|Any CPU.ActiveCfg = Release|Any CPU
		{779C7687-8751-4521-8517-AFA7DB7CB09B}.Release|Any CPU.Build.0 = Release|Any CPU
		{DFD94944-917C-4091-B4E6-10C58458E950}.Debug|Any CPU.ActiveCfg = Debug|Any CPU
		{DFD94944-917C-4091-B4E6-10C58458E950}.Release|Any CPU.ActiveCfg = Release|Any CPU
		{DFD94944-917C-4091-B4E6-10C58458E950}.Release|Any CPU.Build.0 = Release|Any CPU
		{3FDE2B59-64C3-4C8E-B574-495DCEEB2D4E}.Debug|Any CPU.ActiveCfg = Debug|Any CPU
		{3FDE2B59-64C3-4C8E-B574-495DCEEB2D4E}.Release|Any CPU.ActiveCfg = Release|Any CPU
		{3FDE2B59-64C3-4C8E-B574-495DCEEB2D4E}.Release|Any CPU.Build.0 = Release|Any CPU
		{450E8C7C-33B6-4130-B76B-D6959B59B2CE}.Debug|Any CPU.ActiveCfg = Debug|Any CPU
		{450E8C7C-33B6-4130-B76B-D6959B59B2CE}.Release|Any CPU.ActiveCfg = Release|Any CPU
		{450E8C7C-33B6-4130-B76B-D6959B59B2CE}.Release|Any CPU.Build.0 = Release|Any CPU
		{13BF57C4-380A-480F-9753-DE61A8BA22B4}.Debug|Any CPU.ActiveCfg = Debug|Any CPU
		{13BF57C4-380A-480F-9753-DE61A8BA22B4}.Debug|Any CPU.Build.0 = Debug|Any CPU
		{13BF57C4-380A-480F-9753-DE61A8BA22B4}.Release|Any CPU.ActiveCfg = Release|Any CPU
		{13BF57C4-380A-480F-9753-DE61A8BA22B4}.Release|Any CPU.Build.0 = Release|Any CPU
		{EC3145A7-0EF9-479E-8291-287FEDB325D5}.Debug|Any CPU.ActiveCfg = Debug|Any CPU
		{EC3145A7-0EF9-479E-8291-287FEDB325D5}.Debug|Any CPU.Build.0 = Debug|Any CPU
		{EC3145A7-0EF9-479E-8291-287FEDB325D5}.Release|Any CPU.ActiveCfg = Release|Any CPU
		{EC3145A7-0EF9-479E-8291-287FEDB325D5}.Release|Any CPU.Build.0 = Release|Any CPU
		{1B377BDE-3ADB-4C02-BE3A-CED83C11C9D3}.Debug|Any CPU.ActiveCfg = Debug|Any CPU
		{1B377BDE-3ADB-4C02-BE3A-CED83C11C9D3}.Debug|Any CPU.Build.0 = Debug|Any CPU
		{1B377BDE-3ADB-4C02-BE3A-CED83C11C9D3}.Release|Any CPU.ActiveCfg = Release|Any CPU
		{1B377BDE-3ADB-4C02-BE3A-CED83C11C9D3}.Release|Any CPU.Build.0 = Release|Any CPU
		{CDD95F44-5E22-4A42-9480-FBFB58631EAE}.Debug|Any CPU.ActiveCfg = Debug|Any CPU
		{CDD95F44-5E22-4A42-9480-FBFB58631EAE}.Debug|Any CPU.Build.0 = Debug|Any CPU
		{CDD95F44-5E22-4A42-9480-FBFB58631EAE}.Release|Any CPU.ActiveCfg = Release|Any CPU
		{CDD95F44-5E22-4A42-9480-FBFB58631EAE}.Release|Any CPU.Build.0 = Release|Any CPU
		{7217FEF7-514B-4260-B09A-1C909DB1D07C}.Debug|Any CPU.ActiveCfg = Debug|Any CPU
		{7217FEF7-514B-4260-B09A-1C909DB1D07C}.Debug|Any CPU.Build.0 = Debug|Any CPU
		{7217FEF7-514B-4260-B09A-1C909DB1D07C}.Release|Any CPU.ActiveCfg = Release|Any CPU
		{7217FEF7-514B-4260-B09A-1C909DB1D07C}.Release|Any CPU.Build.0 = Release|Any CPU
	EndGlobalSection
	GlobalSection(SolutionProperties) = preSolution
		HideSolutionNode = FALSE
	EndGlobalSection
	GlobalSection(ExtensibilityGlobals) = postSolution
		SolutionGuid = {8C6288D1-8893-480D-B3B4-C67507C62B2D}
	EndGlobalSection
EndGlobal
